<Solution>
  <Folder Name="/Solution Items/">
    <File Path="Docs/HACKATHON NETT.pdf" />
  </Folder>
  <Project Path="FIAPHackathon.Tests/Hackathon.Application.Tests.csproj" />
  <Project Path="Hackathon.Api/Hackathon.Api.csproj" />
  <Project Path="Hackathon.Application/Hackathon.Application.csproj" />
  <Project Path="Hackathon.Domain.Tests/Hackathon.Domain.Tests.csproj" />
  <Project Path="Hackathon.Domain/Hackathon.Domain.csproj" />
  <Project Path="Hackathon.Infrastructure/Hackathon.Infrastructure.csproj" />
</Solution>
